
Microsoft Visual Studio Solution File, Format Version 12.00
# Visual Studio Version 17
VisualStudioVersion = 17.11.35222.181
MinimumVisualStudioVersion = 10.0.40219.1
Project("{FAE04EC0-301F-11D3-BF4B-00C04F79EFBC}") = "Hospital", "Hospital\Hospital.csproj", "{B34F524B-5A25-492D-9D10-36029E0A3B67}"
EndProject
Global
	GlobalSection(SolutionConfigurationPlatforms) = preSolution
		Debug|Any CPU = Debug|Any CPU
		Release|Any CPU = Release|Any CPU
	EndGlobalSection
	GlobalSection(ProjectConfigurationPlatforms) = postSolution
		{B34F524B-5A25-492D-9D10-36029E0A3B67}.Debug|Any CPU.ActiveCfg = Debug|Any CPU
		{B34F524B-5A25-492D-9D10-36029E0A3B67}.Debug|Any CPU.Build.0 = Debug|Any CPU
		{B34F524B-5A25-492D-9D10-36029E0A3B67}.Release|Any CPU.ActiveCfg = Release|Any CPU
		{B34F524B-5A25-492D-9D10-36029E0A3B67}.Release|Any CPU.Build.0 = Release|Any CPU
	EndGlobalSection
	GlobalSection(SolutionProperties) = preSolution
		HideSolutionNode = FALSE
	EndGlobalSection
	GlobalSection(ExtensibilityGlobals) = postSolution
		SolutionGuid = {9DD1FB3F-71B7-403B-8F65-6A014ABECEEA}
	EndGlobalSection
EndGlobal
