
Microsoft Visual Studio Solution File, Format Version 12.00
# Visual Studio Version 17
VisualStudioVersion = 17.11.35222.181
MinimumVisualStudioVersion = 10.0.40219.1
Project("{FAE04EC0-301F-11D3-BF4B-00C04F79EFBC}") = "Hospital", "WpfApp1\Hospital.csproj", "{24F1FC38-8708-4CD6-AF2C-7BBEB951792F}"
EndProject
Global
	GlobalSection(SolutionConfigurationPlatforms) = preSolution
		Debug|Any CPU = Debug|Any CPU
		Release|Any CPU = Release|Any CPU
	EndGlobalSection
	GlobalSection(ProjectConfigurationPlatforms) = postSolution
		{24F1FC38-8708-4CD6-AF2C-7BBEB951792F}.Debug|Any CPU.ActiveCfg = Debug|Any CPU
		{24F1FC38-8708-4CD6-AF2C-7BBEB951792F}.Debug|Any CPU.Build.0 = Debug|Any CPU
		{24F1FC38-8708-4CD6-AF2C-7BBEB951792F}.Release|Any CPU.ActiveCfg = Release|Any CPU
		{24F1FC38-8708-4CD6-AF2C-7BBEB951792F}.Release|Any CPU.Build.0 = Release|Any CPU
	EndGlobalSection
	GlobalSection(SolutionProperties) = preSolution
		HideSolutionNode = FALSE
	EndGlobalSection
	GlobalSection(ExtensibilityGlobals) = postSolution
		SolutionGuid = {9DD1FB3F-71B7-403B-8F65-6A014ABECEEA}
	EndGlobalSection
EndGlobal
